// !$*UTF8*$!
{
	archiveVersion = 1;
	classes = {
	};
	objectVersion = 56;
	objects = {

/* Begin PBXBuildFile section */
		7B4815362AC1C30E002004DA /* AppDelegate.swift in Sources */ = {isa = PBXBuildFile; fileRef = 7B4815352AC1C30E002004DA /* AppDelegate.swift */; };
		7B4815382AC1C30E002004DA /* SceneDelegate.swift in Sources */ = {isa = PBXBuildFile; fileRef = 7B4815372AC1C30E002004DA /* SceneDelegate.swift */; };
		7B48153A2AC1C30E002004DA /* ViewController.swift in Sources */ = {isa = PBXBuildFile; fileRef = 7B4815392AC1C30E002004DA /* ViewController.swift */; };
		7B48153D2AC1C30E002004DA /* Main.storyboard in Resources */ = {isa = PBXBuildFile; fileRef = 7B48153B2AC1C30E002004DA /* Main.storyboard */; };
		7B48153F2AC1C30F002004DA /* Assets.xcassets in Resources */ = {isa = PBXBuildFile; fileRef = 7B48153E2AC1C30F002004DA /* Assets.xcassets */; };
		7B4815422AC1C30F002004DA /* LaunchScreen.storyboard in Resources */ = {isa = PBXBuildFile; fileRef = 7B4815402AC1C30F002004DA /* LaunchScreen.storyboard */; };
		7B4815522AC1C3CE002004DA /* Endpoint.swift in Sources */ = {isa = PBXBuildFile; fileRef = 7B4815512AC1C3CE002004DA /* Endpoint.swift */; };
		7B4815542AC1C3D5002004DA /* NetworkManager.swift in Sources */ = {isa = PBXBuildFile; fileRef = 7B4815532AC1C3D5002004DA /* NetworkManager.swift */; };
		7B4815562AC1C577002004DA /* Constants.swift in Sources */ = {isa = PBXBuildFile; fileRef = 7B4815552AC1C577002004DA /* Constants.swift */; };
		7B4815582AC1C6F9002004DA /* ServiceError.swift in Sources */ = {isa = PBXBuildFile; fileRef = 7B4815572AC1C6F9002004DA /* ServiceError.swift */; };
		7B48155B2AC3109A002004DA /* PlanetsModel.swift in Sources */ = {isa = PBXBuildFile; fileRef = 7B48155A2AC3109A002004DA /* PlanetsModel.swift */; };
		7B48155D2AC310C4002004DA /* PlanetsResultsModel.swift in Sources */ = {isa = PBXBuildFile; fileRef = 7B48155C2AC310C4002004DA /* PlanetsResultsModel.swift */; };
		7B4815602AC31214002004DA /* PeopleModel.swift in Sources */ = {isa = PBXBuildFile; fileRef = 7B48155F2AC31214002004DA /* PeopleModel.swift */; };
		7B4815622AC31239002004DA /* PeopleResultsModel.swift in Sources */ = {isa = PBXBuildFile; fileRef = 7B4815612AC31239002004DA /* PeopleResultsModel.swift */; };
		7B4815652AC312F0002004DA /* FilmsModel.swift in Sources */ = {isa = PBXBuildFile; fileRef = 7B4815642AC312F0002004DA /* FilmsModel.swift */; };
		7B4815672AC31304002004DA /* FilmsResultsModel.swift in Sources */ = {isa = PBXBuildFile; fileRef = 7B4815662AC31304002004DA /* FilmsResultsModel.swift */; };
		7B48156A2AC3139C002004DA /* SpeciesModel.swift in Sources */ = {isa = PBXBuildFile; fileRef = 7B4815692AC3139C002004DA /* SpeciesModel.swift */; };
		7B48156C2AC313A2002004DA /* SpeciesResultsModel.swift in Sources */ = {isa = PBXBuildFile; fileRef = 7B48156B2AC313A2002004DA /* SpeciesResultsModel.swift */; };
		7B48156F2AC314D7002004DA /* VehiclesModel.swift in Sources */ = {isa = PBXBuildFile; fileRef = 7B48156E2AC314D7002004DA /* VehiclesModel.swift */; };
		7B4815712AC314DE002004DA /* VehiclesResultsModel.swift in Sources */ = {isa = PBXBuildFile; fileRef = 7B4815702AC314DE002004DA /* VehiclesResultsModel.swift */; };
		7B4815762AC31589002004DA /* StarshipsModel.swift in Sources */ = {isa = PBXBuildFile; fileRef = 7B4815752AC31589002004DA /* StarshipsModel.swift */; };
		7B4815782AC31590002004DA /* StarshipsResultsModel.swift in Sources */ = {isa = PBXBuildFile; fileRef = 7B4815772AC31590002004DA /* StarshipsResultsModel.swift */; };
/* End PBXBuildFile section */

/* Begin PBXFileReference section */
		7B4815322AC1C30E002004DA /* StarWars.app */ = {isa = PBXFileReference; explicitFileType = wrapper.application; includeInIndex = 0; path = StarWars.app; sourceTree = BUILT_PRODUCTS_DIR; };
		7B4815352AC1C30E002004DA /* AppDelegate.swift */ = {isa = PBXFileReference; lastKnownFileType = sourcecode.swift; path = AppDelegate.swift; sourceTree = "<group>"; };
		7B4815372AC1C30E002004DA /* SceneDelegate.swift */ = {isa = PBXFileReference; lastKnownFileType = sourcecode.swift; path = SceneDelegate.swift; sourceTree = "<group>"; };
		7B4815392AC1C30E002004DA /* ViewController.swift */ = {isa = PBXFileReference; lastKnownFileType = sourcecode.swift; path = ViewController.swift; sourceTree = "<group>"; };
		7B48153C2AC1C30E002004DA /* Base */ = {isa = PBXFileReference; lastKnownFileType = file.storyboard; name = Base; path = Base.lproj/Main.storyboard; sourceTree = "<group>"; };
		7B48153E2AC1C30F002004DA /* Assets.xcassets */ = {isa = PBXFileReference; lastKnownFileType = folder.assetcatalog; path = Assets.xcassets; sourceTree = "<group>"; };
		7B4815412AC1C30F002004DA /* Base */ = {isa = PBXFileReference; lastKnownFileType = file.storyboard; name = Base; path = Base.lproj/LaunchScreen.storyboard; sourceTree = "<group>"; };
		7B4815432AC1C30F002004DA /* Info.plist */ = {isa = PBXFileReference; lastKnownFileType = text.plist.xml; path = Info.plist; sourceTree = "<group>"; };
		7B4815512AC1C3CE002004DA /* Endpoint.swift */ = {isa = PBXFileReference; lastKnownFileType = sourcecode.swift; path = Endpoint.swift; sourceTree = "<group>"; };
		7B4815532AC1C3D5002004DA /* NetworkManager.swift */ = {isa = PBXFileReference; lastKnownFileType = sourcecode.swift; path = NetworkManager.swift; sourceTree = "<group>"; };
		7B4815552AC1C577002004DA /* Constants.swift */ = {isa = PBXFileReference; lastKnownFileType = sourcecode.swift; path = Constants.swift; sourceTree = "<group>"; };
		7B4815572AC1C6F9002004DA /* ServiceError.swift */ = {isa = PBXFileReference; lastKnownFileType = sourcecode.swift; path = ServiceError.swift; sourceTree = "<group>"; };
		7B48155A2AC3109A002004DA /* PlanetsModel.swift */ = {isa = PBXFileReference; lastKnownFileType = sourcecode.swift; path = PlanetsModel.swift; sourceTree = "<group>"; };
		7B48155C2AC310C4002004DA /* PlanetsResultsModel.swift */ = {isa = PBXFileReference; lastKnownFileType = sourcecode.swift; path = PlanetsResultsModel.swift; sourceTree = "<group>"; };
		7B48155F2AC31214002004DA /* PeopleModel.swift */ = {isa = PBXFileReference; lastKnownFileType = sourcecode.swift; path = PeopleModel.swift; sourceTree = "<group>"; };
		7B4815612AC31239002004DA /* PeopleResultsModel.swift */ = {isa = PBXFileReference; lastKnownFileType = sourcecode.swift; path = PeopleResultsModel.swift; sourceTree = "<group>"; };
		7B4815642AC312F0002004DA /* FilmsModel.swift */ = {isa = PBXFileReference; lastKnownFileType = sourcecode.swift; path = FilmsModel.swift; sourceTree = "<group>"; };
		7B4815662AC31304002004DA /* FilmsResultsModel.swift */ = {isa = PBXFileReference; lastKnownFileType = sourcecode.swift; path = FilmsResultsModel.swift; sourceTree = "<group>"; };
		7B4815692AC3139C002004DA /* SpeciesModel.swift */ = {isa = PBXFileReference; lastKnownFileType = sourcecode.swift; path = SpeciesModel.swift; sourceTree = "<group>"; };
		7B48156B2AC313A2002004DA /* SpeciesResultsModel.swift */ = {isa = PBXFileReference; lastKnownFileType = sourcecode.swift; path = SpeciesResultsModel.swift; sourceTree = "<group>"; };
		7B48156E2AC314D7002004DA /* VehiclesModel.swift */ = {isa = PBXFileReference; lastKnownFileType = sourcecode.swift; path = VehiclesModel.swift; sourceTree = "<group>"; };
		7B4815702AC314DE002004DA /* VehiclesResultsModel.swift */ = {isa = PBXFileReference; lastKnownFileType = sourcecode.swift; path = VehiclesResultsModel.swift; sourceTree = "<group>"; };
		7B4815752AC31589002004DA /* StarshipsModel.swift */ = {isa = PBXFileReference; lastKnownFileType = sourcecode.swift; path = StarshipsModel.swift; sourceTree = "<group>"; };
		7B4815772AC31590002004DA /* StarshipsResultsModel.swift */ = {isa = PBXFileReference; lastKnownFileType = sourcecode.swift; path = StarshipsResultsModel.swift; sourceTree = "<group>"; };
/* End PBXFileReference section */

/* Begin PBXFrameworksBuildPhase section */
		7B48152F2AC1C30E002004DA /* Frameworks */ = {
			isa = PBXFrameworksBuildPhase;
			buildActionMask = 2147483647;
			files = (
			);
			runOnlyForDeploymentPostprocessing = 0;
		};
/* End PBXFrameworksBuildPhase section */

/* Begin PBXGroup section */
		7B4815292AC1C30E002004DA = {
			isa = PBXGroup;
			children = (
				7B4815342AC1C30E002004DA /* StarWars */,
				7B4815332AC1C30E002004DA /* Products */,
			);
			sourceTree = "<group>";
		};
		7B4815332AC1C30E002004DA /* Products */ = {
			isa = PBXGroup;
			children = (
				7B4815322AC1C30E002004DA /* StarWars.app */,
			);
			name = Products;
			sourceTree = "<group>";
		};
		7B4815342AC1C30E002004DA /* StarWars */ = {
			isa = PBXGroup;
			children = (
				7B48154C2AC1C333002004DA /* Services */,
				7B48154E2AC1C33F002004DA /* Delegations */,
				7B48154D2AC1C33C002004DA /* Helpers */,
				7B48154B2AC1C330002004DA /* Model */,
				7B48154A2AC1C327002004DA /* ViewModel */,
				7B4815492AC1C31F002004DA /* View */,
				7B48153E2AC1C30F002004DA /* Assets.xcassets */,
				7B4815432AC1C30F002004DA /* Info.plist */,
			);
			path = StarWars;
			sourceTree = "<group>";
		};
		7B4815492AC1C31F002004DA /* View */ = {
			isa = PBXGroup;
			children = (
				7B4815502AC1C3A5002004DA /* StarterViews */,
				7B48154F2AC1C354002004DA /* Controller */,
			);
			path = View;
			sourceTree = "<group>";
		};
		7B48154A2AC1C327002004DA /* ViewModel */ = {
			isa = PBXGroup;
			children = (
			);
			path = ViewModel;
			sourceTree = "<group>";
		};
		7B48154B2AC1C330002004DA /* Model */ = {
			isa = PBXGroup;
			children = (
				7B4815722AC3156E002004DA /* StarshipsModel */,
				7B48156D2AC314CD002004DA /* VehiclesModel */,
				7B4815682AC31392002004DA /* SpeciesModel */,
				7B4815632AC312E8002004DA /* FilmsModel */,
				7B48155E2AC3120C002004DA /* PeopleModel */,
				7B4815592AC3108D002004DA /* PlanetsModel */,
			);
			path = Model;
			sourceTree = "<group>";
		};
		7B48154C2AC1C333002004DA /* Services */ = {
			isa = PBXGroup;
			children = (
				7B4815512AC1C3CE002004DA /* Endpoint.swift */,
				7B4815572AC1C6F9002004DA /* ServiceError.swift */,
				7B4815532AC1C3D5002004DA /* NetworkManager.swift */,
			);
			path = Services;
			sourceTree = "<group>";
		};
		7B48154D2AC1C33C002004DA /* Helpers */ = {
			isa = PBXGroup;
			children = (
				7B4815552AC1C577002004DA /* Constants.swift */,
			);
			path = Helpers;
			sourceTree = "<group>";
		};
		7B48154E2AC1C33F002004DA /* Delegations */ = {
			isa = PBXGroup;
			children = (
				7B4815352AC1C30E002004DA /* AppDelegate.swift */,
				7B4815372AC1C30E002004DA /* SceneDelegate.swift */,
			);
			path = Delegations;
			sourceTree = "<group>";
		};
		7B48154F2AC1C354002004DA /* Controller */ = {
			isa = PBXGroup;
			children = (
				7B4815392AC1C30E002004DA /* ViewController.swift */,
			);
			path = Controller;
			sourceTree = "<group>";
		};
		7B4815502AC1C3A5002004DA /* StarterViews */ = {
			isa = PBXGroup;
			children = (
				7B48153B2AC1C30E002004DA /* Main.storyboard */,
				7B4815402AC1C30F002004DA /* LaunchScreen.storyboard */,
			);
			path = StarterViews;
			sourceTree = "<group>";
		};
		7B4815592AC3108D002004DA /* PlanetsModel */ = {
			isa = PBXGroup;
			children = (
				7B48155A2AC3109A002004DA /* PlanetsModel.swift */,
				7B48155C2AC310C4002004DA /* PlanetsResultsModel.swift */,
			);
			path = PlanetsModel;
			sourceTree = "<group>";
		};
		7B48155E2AC3120C002004DA /* PeopleModel */ = {
			isa = PBXGroup;
			children = (
				7B48155F2AC31214002004DA /* PeopleModel.swift */,
				7B4815612AC31239002004DA /* PeopleResultsModel.swift */,
			);
			path = PeopleModel;
			sourceTree = "<group>";
		};
		7B4815632AC312E8002004DA /* FilmsModel */ = {
			isa = PBXGroup;
			children = (
				7B4815642AC312F0002004DA /* FilmsModel.swift */,
				7B4815662AC31304002004DA /* FilmsResultsModel.swift */,
			);
			path = FilmsModel;
			sourceTree = "<group>";
		};
		7B4815682AC31392002004DA /* SpeciesModel */ = {
			isa = PBXGroup;
			children = (
				7B4815692AC3139C002004DA /* SpeciesModel.swift */,
				7B48156B2AC313A2002004DA /* SpeciesResultsModel.swift */,
			);
			path = SpeciesModel;
			sourceTree = "<group>";
		};
		7B48156D2AC314CD002004DA /* VehiclesModel */ = {
			isa = PBXGroup;
			children = (
				7B48156E2AC314D7002004DA /* VehiclesModel.swift */,
				7B4815702AC314DE002004DA /* VehiclesResultsModel.swift */,
			);
			path = VehiclesModel;
			sourceTree = "<group>";
		};
		7B4815722AC3156E002004DA /* StarshipsModel */ = {
			isa = PBXGroup;
			children = (
				7B4815752AC31589002004DA /* StarshipsModel.swift */,
				7B4815772AC31590002004DA /* StarshipsResultsModel.swift */,
			);
			path = StarshipsModel;
			sourceTree = "<group>";
		};
/* End PBXGroup section */

/* Begin PBXNativeTarget section */
		7B4815312AC1C30E002004DA /* StarWars */ = {
			isa = PBXNativeTarget;
			buildConfigurationList = 7B4815462AC1C30F002004DA /* Build configuration list for PBXNativeTarget "StarWars" */;
			buildPhases = (
				7B48152E2AC1C30E002004DA /* Sources */,
				7B48152F2AC1C30E002004DA /* Frameworks */,
				7B4815302AC1C30E002004DA /* Resources */,
			);
			buildRules = (
			);
			dependencies = (
			);
			name = StarWars;
			productName = StarWars;
			productReference = 7B4815322AC1C30E002004DA /* StarWars.app */;
			productType = "com.apple.product-type.application";
		};
/* End PBXNativeTarget section */

/* Begin PBXProject section */
		7B48152A2AC1C30E002004DA /* Project object */ = {
			isa = PBXProject;
			attributes = {
				BuildIndependentTargetsInParallel = 1;
				LastSwiftUpdateCheck = 1400;
				LastUpgradeCheck = 1400;
				TargetAttributes = {
					7B4815312AC1C30E002004DA = {
						CreatedOnToolsVersion = 14.0;
					};
				};
			};
			buildConfigurationList = 7B48152D2AC1C30E002004DA /* Build configuration list for PBXProject "StarWars" */;
			compatibilityVersion = "Xcode 14.0";
			developmentRegion = en;
			hasScannedForEncodings = 0;
			knownRegions = (
				en,
				Base,
			);
			mainGroup = 7B4815292AC1C30E002004DA;
			productRefGroup = 7B4815332AC1C30E002004DA /* Products */;
			projectDirPath = "";
			projectRoot = "";
			targets = (
				7B4815312AC1C30E002004DA /* StarWars */,
			);
		};
/* End PBXProject section */

/* Begin PBXResourcesBuildPhase section */
		7B4815302AC1C30E002004DA /* Resources */ = {
			isa = PBXResourcesBuildPhase;
			buildActionMask = 2147483647;
			files = (
				7B4815422AC1C30F002004DA /* LaunchScreen.storyboard in Resources */,
				7B48153F2AC1C30F002004DA /* Assets.xcassets in Resources */,
				7B48153D2AC1C30E002004DA /* Main.storyboard in Resources */,
			);
			runOnlyForDeploymentPostprocessing = 0;
		};
/* End PBXResourcesBuildPhase section */

/* Begin PBXSourcesBuildPhase section */
		7B48152E2AC1C30E002004DA /* Sources */ = {
			isa = PBXSourcesBuildPhase;
			buildActionMask = 2147483647;
			files = (
				7B4815602AC31214002004DA /* PeopleModel.swift in Sources */,
				7B48155D2AC310C4002004DA /* PlanetsResultsModel.swift in Sources */,
				7B48156F2AC314D7002004DA /* VehiclesModel.swift in Sources */,
				7B4815762AC31589002004DA /* StarshipsModel.swift in Sources */,
				7B48156A2AC3139C002004DA /* SpeciesModel.swift in Sources */,
				7B48153A2AC1C30E002004DA /* ViewController.swift in Sources */,
				7B4815652AC312F0002004DA /* FilmsModel.swift in Sources */,
				7B4815782AC31590002004DA /* StarshipsResultsModel.swift in Sources */,
				7B4815362AC1C30E002004DA /* AppDelegate.swift in Sources */,
				7B4815542AC1C3D5002004DA /* NetworkManager.swift in Sources */,
				7B4815522AC1C3CE002004DA /* Endpoint.swift in Sources */,
				7B4815712AC314DE002004DA /* VehiclesResultsModel.swift in Sources */,
				7B4815622AC31239002004DA /* PeopleResultsModel.swift in Sources */,
				7B4815382AC1C30E002004DA /* SceneDelegate.swift in Sources */,
				7B48155B2AC3109A002004DA /* PlanetsModel.swift in Sources */,
				7B4815582AC1C6F9002004DA /* ServiceError.swift in Sources */,
				7B4815672AC31304002004DA /* FilmsResultsModel.swift in Sources */,
				7B4815562AC1C577002004DA /* Constants.swift in Sources */,
				7B48156C2AC313A2002004DA /* SpeciesResultsModel.swift in Sources */,
			);
			runOnlyForDeploymentPostprocessing = 0;
		};
/* End PBXSourcesBuildPhase section */

/* Begin PBXVariantGroup section */
		7B48153B2AC1C30E002004DA /* Main.storyboard */ = {
			isa = PBXVariantGroup;
			children = (
				7B48153C2AC1C30E002004DA /* Base */,
			);
			name = Main.storyboard;
			sourceTree = "<group>";
		};
		7B4815402AC1C30F002004DA /* LaunchScreen.storyboard */ = {
			isa = PBXVariantGroup;
			children = (
				7B4815412AC1C30F002004DA /* Base */,
			);
			name = LaunchScreen.storyboard;
			sourceTree = "<group>";
		};
/* End PBXVariantGroup section */

/* Begin XCBuildConfiguration section */
		7B4815442AC1C30F002004DA /* Debug */ = {
			isa = XCBuildConfiguration;
			buildSettings = {
				ALWAYS_SEARCH_USER_PATHS = NO;
				CLANG_ANALYZER_NONNULL = YES;
				CLANG_ANALYZER_NUMBER_OBJECT_CONVERSION = YES_AGGRESSIVE;
				CLANG_CXX_LANGUAGE_STANDARD = "gnu++20";
				CLANG_ENABLE_MODULES = YES;
				CLANG_ENABLE_OBJC_ARC = YES;
				CLANG_ENABLE_OBJC_WEAK = YES;
				CLANG_WARN_BLOCK_CAPTURE_AUTORELEASING = YES;
				CLANG_WARN_BOOL_CONVERSION = YES;
				CLANG_WARN_COMMA = YES;
				CLANG_WARN_CONSTANT_CONVERSION = YES;
				CLANG_WARN_DEPRECATED_OBJC_IMPLEMENTATIONS = YES;
				CLANG_WARN_DIRECT_OBJC_ISA_USAGE = YES_ERROR;
				CLANG_WARN_DOCUMENTATION_COMMENTS = YES;
				CLANG_WARN_EMPTY_BODY = YES;
				CLANG_WARN_ENUM_CONVERSION = YES;
				CLANG_WARN_INFINITE_RECURSION = YES;
				CLANG_WARN_INT_CONVERSION = YES;
				CLANG_WARN_NON_LITERAL_NULL_CONVERSION = YES;
				CLANG_WARN_OBJC_IMPLICIT_RETAIN_SELF = YES;
				CLANG_WARN_OBJC_LITERAL_CONVERSION = YES;
				CLANG_WARN_OBJC_ROOT_CLASS = YES_ERROR;
				CLANG_WARN_QUOTED_INCLUDE_IN_FRAMEWORK_HEADER = YES;
				CLANG_WARN_RANGE_LOOP_ANALYSIS = YES;
				CLANG_WARN_STRICT_PROTOTYPES = YES;
				CLANG_WARN_SUSPICIOUS_MOVE = YES;
				CLANG_WARN_UNGUARDED_AVAILABILITY = YES_AGGRESSIVE;
				CLANG_WARN_UNREACHABLE_CODE = YES;
				CLANG_WARN__DUPLICATE_METHOD_MATCH = YES;
				COPY_PHASE_STRIP = NO;
				DEBUG_INFORMATION_FORMAT = dwarf;
				ENABLE_STRICT_OBJC_MSGSEND = YES;
				ENABLE_TESTABILITY = YES;
				GCC_C_LANGUAGE_STANDARD = gnu11;
				GCC_DYNAMIC_NO_PIC = NO;
				GCC_NO_COMMON_BLOCKS = YES;
				GCC_OPTIMIZATION_LEVEL = 0;
				GCC_PREPROCESSOR_DEFINITIONS = (
					"DEBUG=1",
					"$(inherited)",
				);
				GCC_WARN_64_TO_32_BIT_CONVERSION = YES;
				GCC_WARN_ABOUT_RETURN_TYPE = YES_ERROR;
				GCC_WARN_UNDECLARED_SELECTOR = YES;
				GCC_WARN_UNINITIALIZED_AUTOS = YES_AGGRESSIVE;
				GCC_WARN_UNUSED_FUNCTION = YES;
				GCC_WARN_UNUSED_VARIABLE = YES;
				IPHONEOS_DEPLOYMENT_TARGET = 16.0;
				MTL_ENABLE_DEBUG_INFO = INCLUDE_SOURCE;
				MTL_FAST_MATH = YES;
				ONLY_ACTIVE_ARCH = YES;
				SDKROOT = iphoneos;
				SWIFT_ACTIVE_COMPILATION_CONDITIONS = DEBUG;
				SWIFT_OPTIMIZATION_LEVEL = "-Onone";
			};
			name = Debug;
		};
		7B4815452AC1C30F002004DA /* Release */ = {
			isa = XCBuildConfiguration;
			buildSettings = {
				ALWAYS_SEARCH_USER_PATHS = NO;
				CLANG_ANALYZER_NONNULL = YES;
				CLANG_ANALYZER_NUMBER_OBJECT_CONVERSION = YES_AGGRESSIVE;
				CLANG_CXX_LANGUAGE_STANDARD = "gnu++20";
				CLANG_ENABLE_MODULES = YES;
				CLANG_ENABLE_OBJC_ARC = YES;
				CLANG_ENABLE_OBJC_WEAK = YES;
				CLANG_WARN_BLOCK_CAPTURE_AUTORELEASING = YES;
				CLANG_WARN_BOOL_CONVERSION = YES;
				CLANG_WARN_COMMA = YES;
				CLANG_WARN_CONSTANT_CONVERSION = YES;
				CLANG_WARN_DEPRECATED_OBJC_IMPLEMENTATIONS = YES;
				CLANG_WARN_DIRECT_OBJC_ISA_USAGE = YES_ERROR;
				CLANG_WARN_DOCUMENTATION_COMMENTS = YES;
				CLANG_WARN_EMPTY_BODY = YES;
				CLANG_WARN_ENUM_CONVERSION = YES;
				CLANG_WARN_INFINITE_RECURSION = YES;
				CLANG_WARN_INT_CONVERSION = YES;
				CLANG_WARN_NON_LITERAL_NULL_CONVERSION = YES;
				CLANG_WARN_OBJC_IMPLICIT_RETAIN_SELF = YES;
				CLANG_WARN_OBJC_LITERAL_CONVERSION = YES;
				CLANG_WARN_OBJC_ROOT_CLASS = YES_ERROR;
				CLANG_WARN_QUOTED_INCLUDE_IN_FRAMEWORK_HEADER = YES;
				CLANG_WARN_RANGE_LOOP_ANALYSIS = YES;
				CLANG_WARN_STRICT_PROTOTYPES = YES;
				CLANG_WARN_SUSPICIOUS_MOVE = YES;
				CLANG_WARN_UNGUARDED_AVAILABILITY = YES_AGGRESSIVE;
				CLANG_WARN_UNREACHABLE_CODE = YES;
				CLANG_WARN__DUPLICATE_METHOD_MATCH = YES;
				COPY_PHASE_STRIP = NO;
				DEBUG_INFORMATION_FORMAT = "dwarf-with-dsym";
				ENABLE_NS_ASSERTIONS = NO;
				ENABLE_STRICT_OBJC_MSGSEND = YES;
				GCC_C_LANGUAGE_STANDARD = gnu11;
				GCC_NO_COMMON_BLOCKS = YES;
				GCC_WARN_64_TO_32_BIT_CONVERSION = YES;
				GCC_WARN_ABOUT_RETURN_TYPE = YES_ERROR;
				GCC_WARN_UNDECLARED_SELECTOR = YES;
				GCC_WARN_UNINITIALIZED_AUTOS = YES_AGGRESSIVE;
				GCC_WARN_UNUSED_FUNCTION = YES;
				GCC_WARN_UNUSED_VARIABLE = YES;
				IPHONEOS_DEPLOYMENT_TARGET = 16.0;
				MTL_ENABLE_DEBUG_INFO = NO;
				MTL_FAST_MATH = YES;
				SDKROOT = iphoneos;
				SWIFT_COMPILATION_MODE = wholemodule;
				SWIFT_OPTIMIZATION_LEVEL = "-O";
				VALIDATE_PRODUCT = YES;
			};
			name = Release;
		};
		7B4815472AC1C30F002004DA /* Debug */ = {
			isa = XCBuildConfiguration;
			buildSettings = {
				ASSETCATALOG_COMPILER_APPICON_NAME = AppIcon;
				ASSETCATALOG_COMPILER_GLOBAL_ACCENT_COLOR_NAME = AccentColor;
				CODE_SIGN_STYLE = Automatic;
				CURRENT_PROJECT_VERSION = 1;
				DEVELOPMENT_TEAM = KTK732WRHB;
				GENERATE_INFOPLIST_FILE = YES;
				INFOPLIST_FILE = StarWars/Info.plist;
				INFOPLIST_KEY_UIApplicationSupportsIndirectInputEvents = YES;
				INFOPLIST_KEY_UILaunchStoryboardName = LaunchScreen;
				INFOPLIST_KEY_UIMainStoryboardFile = Main;
				INFOPLIST_KEY_UISupportedInterfaceOrientations_iPad = "UIInterfaceOrientationPortrait UIInterfaceOrientationPortraitUpsideDown UIInterfaceOrientationLandscapeLeft UIInterfaceOrientationLandscapeRight";
				INFOPLIST_KEY_UISupportedInterfaceOrientations_iPhone = "UIInterfaceOrientationPortrait UIInterfaceOrientationLandscapeLeft UIInterfaceOrientationLandscapeRight";
				LD_RUNPATH_SEARCH_PATHS = (
					"$(inherited)",
					"@executable_path/Frameworks",
				);
				MARKETING_VERSION = 1.0;
				PRODUCT_BUNDLE_IDENTIFIER = com.allymationes.StarWars;
				PRODUCT_NAME = "$(TARGET_NAME)";
				SWIFT_EMIT_LOC_STRINGS = YES;
				SWIFT_VERSION = 5.0;
				TARGETED_DEVICE_FAMILY = "1,2";
			};
			name = Debug;
		};
		7B4815482AC1C30F002004DA /* Release */ = {
			isa = XCBuildConfiguration;
			buildSettings = {
				ASSETCATALOG_COMPILER_APPICON_NAME = AppIcon;
				ASSETCATALOG_COMPILER_GLOBAL_ACCENT_COLOR_NAME = AccentColor;
				CODE_SIGN_STYLE = Automatic;
				CURRENT_PROJECT_VERSION = 1;
				DEVELOPMENT_TEAM = KTK732WRHB;
				GENERATE_INFOPLIST_FILE = YES;
				INFOPLIST_FILE = StarWars/Info.plist;
				INFOPLIST_KEY_UIApplicationSupportsIndirectInputEvents = YES;
				INFOPLIST_KEY_UILaunchStoryboardName = LaunchScreen;
				INFOPLIST_KEY_UIMainStoryboardFile = Main;
				INFOPLIST_KEY_UISupportedInterfaceOrientations_iPad = "UIInterfaceOrientationPortrait UIInterfaceOrientationPortraitUpsideDown UIInterfaceOrientationLandscapeLeft UIInterfaceOrientationLandscapeRight";
				INFOPLIST_KEY_UISupportedInterfaceOrientations_iPhone = "UIInterfaceOrientationPortrait UIInterfaceOrientationLandscapeLeft UIInterfaceOrientationLandscapeRight";
				LD_RUNPATH_SEARCH_PATHS = (
					"$(inherited)",
					"@executable_path/Frameworks",
				);
				MARKETING_VERSION = 1.0;
				PRODUCT_BUNDLE_IDENTIFIER = com.allymationes.StarWars;
				PRODUCT_NAME = "$(TARGET_NAME)";
				SWIFT_EMIT_LOC_STRINGS = YES;
				SWIFT_VERSION = 5.0;
				TARGETED_DEVICE_FAMILY = "1,2";
			};
			name = Release;
		};
/* End XCBuildConfiguration section */

/* Begin XCConfigurationList section */
		7B48152D2AC1C30E002004DA /* Build configuration list for PBXProject "StarWars" */ = {
			isa = XCConfigurationList;
			buildConfigurations = (
				7B4815442AC1C30F002004DA /* Debug */,
				7B4815452AC1C30F002004DA /* Release */,
			);
			defaultConfigurationIsVisible = 0;
			defaultConfigurationName = Release;
		};
		7B4815462AC1C30F002004DA /* Build configuration list for PBXNativeTarget "StarWars" */ = {
			isa = XCConfigurationList;
			buildConfigurations = (
				7B4815472AC1C30F002004DA /* Debug */,
				7B4815482AC1C30F002004DA /* Release */,
			);
			defaultConfigurationIsVisible = 0;
			defaultConfigurationName = Release;
		};
/* End XCConfigurationList section */
	};
	rootObject = 7B48152A2AC1C30E002004DA /* Project object */;
}
